
Microsoft Visual Studio Solution File, Format Version 12.00
# Visual Studio 15
VisualStudioVersion = 15.0.28307.1231
MinimumVisualStudioVersion = 10.0.40219.1
Project("{FAE04EC0-301F-11D3-BF4B-00C04F79EFBC}") = "MyPainterJPTVR18", "MyPainterJPTVR18\MyPainterJPTVR18.csproj", "{D5886E31-F21A-4BD2-BF01-CC6693E8FCD7}"
EndProject
Global
	GlobalSection(SolutionConfigurationPlatforms) = preSolution
		Debug|Any CPU = Debug|Any CPU
		Release|Any CPU = Release|Any CPU
	EndGlobalSection
	GlobalSection(ProjectConfigurationPlatforms) = postSolution
		{D5886E31-F21A-4BD2-BF01-CC6693E8FCD7}.Debug|Any CPU.ActiveCfg = Debug|Any CPU
		{D5886E31-F21A-4BD2-BF01-CC6693E8FCD7}.Debug|Any CPU.Build.0 = Debug|Any CPU
		{D5886E31-F21A-4BD2-BF01-CC6693E8FCD7}.Release|Any CPU.ActiveCfg = Release|Any CPU
		{D5886E31-F21A-4BD2-BF01-CC6693E8FCD7}.Release|Any CPU.Build.0 = Release|Any CPU
	EndGlobalSection
	GlobalSection(SolutionProperties) = preSolution
		HideSolutionNode = FALSE
	EndGlobalSection
	GlobalSection(ExtensibilityGlobals) = postSolution
		SolutionGuid = {9CDF27C4-E785-466F-B659-E75A79902695}
	EndGlobalSection
EndGlobal
